# This file is autogenerated, do not edit; changes may be undone by the next 'dep ensure'.


[[projects]]
  name = "github.com/miekg/dns"
  packages = ["."]
  revision = "5a2b9fab83ff0f8bfc99684bd5f43a37abe560f1"
  version = "v1.0.8"

[[projects]]
  branch = "master"
  name = "golang.org/x/crypto"
  packages = [
    "ed25519",
    "ed25519/internal/edwards25519"
  ]
  revision = "a49355c7e3f8fe157a85be2f77e6e269a0f89602"

[[projects]]
  branch = "master"
  name = "golang.org/x/net"
  packages = [
    "bpf",
    "internal/iana",
    "internal/socket",
    "ipv4",
    "ipv6"
  ]
  revision = "afe8f62b1d6bbd81f31868121a50b06d8188e1f9"

[solve-meta]
  analyzer-name = "dep"
  analyzer-version = 1
  inputs-digest = "4ea1bc796e1e652a327decf56fa8548b5264b58a95ba053c139b5dad8f2862c7"
  solver-name = "gps-cdcl"
  solver-version = 1
